// !$*UTF8*$!
{
	archiveVersion = 1;
	classes = {
	};
	objectVersion = 50;
	objects = {

/* Begin PBXBuildFile section */
		98943A7F265CC1CA00992DF4 /* EssentialFeed.framework in Frameworks */ = {isa = PBXBuildFile; fileRef = 98943A75265CC1CA00992DF4 /* EssentialFeed.framework */; };
		98943A84265CC1CA00992DF4 /* EssentialFeedTests.swift in Sources */ = {isa = PBXBuildFile; fileRef = 98943A83265CC1CA00992DF4 /* EssentialFeedTests.swift */; };
		98943A94265CC22900992DF4 /* FeedItem.swift in Sources */ = {isa = PBXBuildFile; fileRef = 98943A93265CC22900992DF4 /* FeedItem.swift */; };
		98943A98265CC26400992DF4 /* FeedLoader.swift in Sources */ = {isa = PBXBuildFile; fileRef = 98943A97265CC26400992DF4 /* FeedLoader.swift */; };
		98943A9D265CC32B00992DF4 /* RemoteFeedLoaderTest.swift in Sources */ = {isa = PBXBuildFile; fileRef = 98943A9C265CC32B00992DF4 /* RemoteFeedLoaderTest.swift */; };
		98943AA4265CCD6C00992DF4 /* RemoteFeedLoader.swift in Sources */ = {isa = PBXBuildFile; fileRef = 98943AA3265CCD6C00992DF4 /* RemoteFeedLoader.swift */; };
		98C29DD2265E4D5A000B7300 /* FeedItemsMapper.swift in Sources */ = {isa = PBXBuildFile; fileRef = 98C29DD1265E4D5A000B7300 /* FeedItemsMapper.swift */; };
		98C29DD6265E4DA9000B7300 /* HTTPClient.swift in Sources */ = {isa = PBXBuildFile; fileRef = 98C29DD5265E4DA9000B7300 /* HTTPClient.swift */; };
/* End PBXBuildFile section */

/* Begin PBXContainerItemProxy section */
		98943A80265CC1CA00992DF4 /* PBXContainerItemProxy */ = {
			isa = PBXContainerItemProxy;
			containerPortal = 98943A6C265CC1CA00992DF4 /* Project object */;
			proxyType = 1;
			remoteGlobalIDString = 98943A74265CC1CA00992DF4;
			remoteInfo = EssentialFeed;
		};
/* End PBXContainerItemProxy section */

/* Begin PBXFileReference section */
		98943A75265CC1CA00992DF4 /* EssentialFeed.framework */ = {isa = PBXFileReference; explicitFileType = wrapper.framework; includeInIndex = 0; path = EssentialFeed.framework; sourceTree = BUILT_PRODUCTS_DIR; };
		98943A79265CC1CA00992DF4 /* Info.plist */ = {isa = PBXFileReference; lastKnownFileType = text.plist.xml; path = Info.plist; sourceTree = "<group>"; };
		98943A7E265CC1CA00992DF4 /* EssentialFeedTests.xctest */ = {isa = PBXFileReference; explicitFileType = wrapper.cfbundle; includeInIndex = 0; path = EssentialFeedTests.xctest; sourceTree = BUILT_PRODUCTS_DIR; };
		98943A83265CC1CA00992DF4 /* EssentialFeedTests.swift */ = {isa = PBXFileReference; lastKnownFileType = sourcecode.swift; path = EssentialFeedTests.swift; sourceTree = "<group>"; };
		98943A85265CC1CA00992DF4 /* Info.plist */ = {isa = PBXFileReference; lastKnownFileType = text.plist.xml; path = Info.plist; sourceTree = "<group>"; };
		98943A93265CC22900992DF4 /* FeedItem.swift */ = {isa = PBXFileReference; lastKnownFileType = sourcecode.swift; path = FeedItem.swift; sourceTree = "<group>"; };
		98943A97265CC26400992DF4 /* FeedLoader.swift */ = {isa = PBXFileReference; lastKnownFileType = sourcecode.swift; path = FeedLoader.swift; sourceTree = "<group>"; };
		98943A9C265CC32B00992DF4 /* RemoteFeedLoaderTest.swift */ = {isa = PBXFileReference; lastKnownFileType = sourcecode.swift; path = RemoteFeedLoaderTest.swift; sourceTree = "<group>"; };
		98943AA3265CCD6C00992DF4 /* RemoteFeedLoader.swift */ = {isa = PBXFileReference; lastKnownFileType = sourcecode.swift; path = RemoteFeedLoader.swift; sourceTree = "<group>"; };
		98C29DD1265E4D5A000B7300 /* FeedItemsMapper.swift */ = {isa = PBXFileReference; lastKnownFileType = sourcecode.swift; path = FeedItemsMapper.swift; sourceTree = "<group>"; };
		98C29DD5265E4DA9000B7300 /* HTTPClient.swift */ = {isa = PBXFileReference; lastKnownFileType = sourcecode.swift; path = HTTPClient.swift; sourceTree = "<group>"; };
/* End PBXFileReference section */

/* Begin PBXFrameworksBuildPhase section */
		98943A72265CC1CA00992DF4 /* Frameworks */ = {
			isa = PBXFrameworksBuildPhase;
			buildActionMask = 2147483647;
			files = (
			);
			runOnlyForDeploymentPostprocessing = 0;
		};
		98943A7B265CC1CA00992DF4 /* Frameworks */ = {
			isa = PBXFrameworksBuildPhase;
			buildActionMask = 2147483647;
			files = (
				98943A7F265CC1CA00992DF4 /* EssentialFeed.framework in Frameworks */,
			);
			runOnlyForDeploymentPostprocessing = 0;
		};
/* End PBXFrameworksBuildPhase section */

/* Begin PBXGroup section */
		983C9528265F3CA600AD8ED9 /* Feed Api */ = {
			isa = PBXGroup;
			children = (
				98943A9C265CC32B00992DF4 /* RemoteFeedLoaderTest.swift */,
			);
			path = "Feed Api";
			sourceTree = "<group>";
		};
		98943A6B265CC1CA00992DF4 = {
			isa = PBXGroup;
			children = (
				98943A77265CC1CA00992DF4 /* EssentialFeed */,
				98943A82265CC1CA00992DF4 /* EssentialFeedTests */,
				98943A76265CC1CA00992DF4 /* Products */,
			);
			sourceTree = "<group>";
		};
		98943A76265CC1CA00992DF4 /* Products */ = {
			isa = PBXGroup;
			children = (
				98943A75265CC1CA00992DF4 /* EssentialFeed.framework */,
				98943A7E265CC1CA00992DF4 /* EssentialFeedTests.xctest */,
			);
			name = Products;
			sourceTree = "<group>";
		};
		98943A77265CC1CA00992DF4 /* EssentialFeed */ = {
			isa = PBXGroup;
			children = (
				98943AA2265CCD4200992DF4 /* Feed Api */,
				98943A9B265CC2F100992DF4 /* Feed Feature */,
				98943A79265CC1CA00992DF4 /* Info.plist */,
			);
			path = EssentialFeed;
			sourceTree = "<group>";
		};
		98943A82265CC1CA00992DF4 /* EssentialFeedTests */ = {
			isa = PBXGroup;
			children = (
				98943A83265CC1CA00992DF4 /* EssentialFeedTests.swift */,
				98943A85265CC1CA00992DF4 /* Info.plist */,
				983C9528265F3CA600AD8ED9 /* Feed Api */,
			);
			path = EssentialFeedTests;
			sourceTree = "<group>";
		};
		98943A9B265CC2F100992DF4 /* Feed Feature */ = {
			isa = PBXGroup;
			children = (
				98943A93265CC22900992DF4 /* FeedItem.swift */,
				98943A97265CC26400992DF4 /* FeedLoader.swift */,
			);
			path = "Feed Feature";
			sourceTree = "<group>";
		};
		98943AA2265CCD4200992DF4 /* Feed Api */ = {
			isa = PBXGroup;
			children = (
				98943AA3265CCD6C00992DF4 /* RemoteFeedLoader.swift */,
				98C29DD1265E4D5A000B7300 /* FeedItemsMapper.swift */,
				98C29DD5265E4DA9000B7300 /* HTTPClient.swift */,
			);
			path = "Feed Api";
			sourceTree = "<group>";
		};
/* End PBXGroup section */

/* Begin PBXHeadersBuildPhase section */
		98943A70265CC1CA00992DF4 /* Headers */ = {
			isa = PBXHeadersBuildPhase;
			buildActionMask = 2147483647;
			files = (
			);
			runOnlyForDeploymentPostprocessing = 0;
		};
/* End PBXHeadersBuildPhase section */

/* Begin PBXNativeTarget section */
		98943A74265CC1CA00992DF4 /* EssentialFeed */ = {
			isa = PBXNativeTarget;
			buildConfigurationList = 98943A89265CC1CA00992DF4 /* Build configuration list for PBXNativeTarget "EssentialFeed" */;
			buildPhases = (
				98943A70265CC1CA00992DF4 /* Headers */,
				98943A71265CC1CA00992DF4 /* Sources */,
				98943A72265CC1CA00992DF4 /* Frameworks */,
				98943A73265CC1CA00992DF4 /* Resources */,
			);
			buildRules = (
			);
			dependencies = (
			);
			name = EssentialFeed;
			productName = EssentialFeed;
			productReference = 98943A75265CC1CA00992DF4 /* EssentialFeed.framework */;
			productType = "com.apple.product-type.framework";
		};
		98943A7D265CC1CA00992DF4 /* EssentialFeedTests */ = {
			isa = PBXNativeTarget;
			buildConfigurationList = 98943A8C265CC1CA00992DF4 /* Build configuration list for PBXNativeTarget "EssentialFeedTests" */;
			buildPhases = (
				98943A7A265CC1CA00992DF4 /* Sources */,
				98943A7B265CC1CA00992DF4 /* Frameworks */,
				98943A7C265CC1CA00992DF4 /* Resources */,
			);
			buildRules = (
			);
			dependencies = (
				98943A81265CC1CA00992DF4 /* PBXTargetDependency */,
			);
			name = EssentialFeedTests;
			productName = EssentialFeedTests;
			productReference = 98943A7E265CC1CA00992DF4 /* EssentialFeedTests.xctest */;
			productType = "com.apple.product-type.bundle.unit-test";
		};
/* End PBXNativeTarget section */

/* Begin PBXProject section */
		98943A6C265CC1CA00992DF4 /* Project object */ = {
			isa = PBXProject;
			attributes = {
				LastSwiftUpdateCheck = 1240;
				LastUpgradeCheck = 1240;
				TargetAttributes = {
					98943A74265CC1CA00992DF4 = {
						CreatedOnToolsVersion = 12.4;
						LastSwiftMigration = 1240;
					};
					98943A7D265CC1CA00992DF4 = {
						CreatedOnToolsVersion = 12.4;
					};
				};
			};
			buildConfigurationList = 98943A6F265CC1CA00992DF4 /* Build configuration list for PBXProject "EssentialFeed" */;
			compatibilityVersion = "Xcode 9.3";
			developmentRegion = en;
			hasScannedForEncodings = 0;
			knownRegions = (
				en,
				Base,
			);
			mainGroup = 98943A6B265CC1CA00992DF4;
			productRefGroup = 98943A76265CC1CA00992DF4 /* Products */;
			projectDirPath = "";
			projectRoot = "";
			targets = (
				98943A74265CC1CA00992DF4 /* EssentialFeed */,
				98943A7D265CC1CA00992DF4 /* EssentialFeedTests */,
			);
		};
/* End PBXProject section */

/* Begin PBXResourcesBuildPhase section */
		98943A73265CC1CA00992DF4 /* Resources */ = {
			isa = PBXResourcesBuildPhase;
			buildActionMask = 2147483647;
			files = (
			);
			runOnlyForDeploymentPostprocessing = 0;
		};
		98943A7C265CC1CA00992DF4 /* Resources */ = {
			isa = PBXResourcesBuildPhase;
			buildActionMask = 2147483647;
			files = (
			);
			runOnlyForDeploymentPostprocessing = 0;
		};
/* End PBXResourcesBuildPhase section */

/* Begin PBXSourcesBuildPhase section */
		98943A71265CC1CA00992DF4 /* Sources */ = {
			isa = PBXSourcesBuildPhase;
			buildActionMask = 2147483647;
			files = (
				98943A98265CC26400992DF4 /* FeedLoader.swift in Sources */,
				98943AA4265CCD6C00992DF4 /* RemoteFeedLoader.swift in Sources */,
				98C29DD6265E4DA9000B7300 /* HTTPClient.swift in Sources */,
				98943A94265CC22900992DF4 /* FeedItem.swift in Sources */,
				98C29DD2265E4D5A000B7300 /* FeedItemsMapper.swift in Sources */,
			);
			runOnlyForDeploymentPostprocessing = 0;
		};
		98943A7A265CC1CA00992DF4 /* Sources */ = {
			isa = PBXSourcesBuildPhase;
			buildActionMask = 2147483647;
			files = (
				98943A9D265CC32B00992DF4 /* RemoteFeedLoaderTest.swift in Sources */,
				98943A84265CC1CA00992DF4 /* EssentialFeedTests.swift in Sources */,
			);
			runOnlyForDeploymentPostprocessing = 0;
		};
/* End PBXSourcesBuildPhase section */

/* Begin PBXTargetDependency section */
		98943A81265CC1CA00992DF4 /* PBXTargetDependency */ = {
			isa = PBXTargetDependency;
			target = 98943A74265CC1CA00992DF4 /* EssentialFeed */;
			targetProxy = 98943A80265CC1CA00992DF4 /* PBXContainerItemProxy */;
		};
/* End PBXTargetDependency section */

/* Begin XCBuildConfiguration section */
		98943A87265CC1CA00992DF4 /* Debug */ = {
			isa = XCBuildConfiguration;
			buildSettings = {
				ALWAYS_SEARCH_USER_PATHS = NO;
				CLANG_ANALYZER_NONNULL = YES;
				CLANG_ANALYZER_NUMBER_OBJECT_CONVERSION = YES_AGGRESSIVE;
				CLANG_CXX_LANGUAGE_STANDARD = "gnu++14";
				CLANG_CXX_LIBRARY = "libc++";
				CLANG_ENABLE_MODULES = YES;
				CLANG_ENABLE_OBJC_ARC = YES;
				CLANG_ENABLE_OBJC_WEAK = YES;
				CLANG_WARN_BLOCK_CAPTURE_AUTORELEASING = YES;
				CLANG_WARN_BOOL_CONVERSION = YES;
				CLANG_WARN_COMMA = YES;
				CLANG_WARN_CONSTANT_CONVERSION = YES;
				CLANG_WARN_DEPRECATED_OBJC_IMPLEMENTATIONS = YES;
				CLANG_WARN_DIRECT_OBJC_ISA_USAGE = YES_ERROR;
				CLANG_WARN_DOCUMENTATION_COMMENTS = YES;
				CLANG_WARN_EMPTY_BODY = YES;
				CLANG_WARN_ENUM_CONVERSION = YES;
				CLANG_WARN_INFINITE_RECURSION = YES;
				CLANG_WARN_INT_CONVERSION = YES;
				CLANG_WARN_NON_LITERAL_NULL_CONVERSION = YES;
				CLANG_WARN_OBJC_IMPLICIT_RETAIN_SELF = YES;
				CLANG_WARN_OBJC_LITERAL_CONVERSION = YES;
				CLANG_WARN_OBJC_ROOT_CLASS = YES_ERROR;
				CLANG_WARN_QUOTED_INCLUDE_IN_FRAMEWORK_HEADER = YES;
				CLANG_WARN_RANGE_LOOP_ANALYSIS = YES;
				CLANG_WARN_STRICT_PROTOTYPES = YES;
				CLANG_WARN_SUSPICIOUS_MOVE = YES;
				CLANG_WARN_UNGUARDED_AVAILABILITY = YES_AGGRESSIVE;
				CLANG_WARN_UNREACHABLE_CODE = YES;
				CLANG_WARN__DUPLICATE_METHOD_MATCH = YES;
				COPY_PHASE_STRIP = NO;
				CURRENT_PROJECT_VERSION = 1;
				DEBUG_INFORMATION_FORMAT = dwarf;
				ENABLE_STRICT_OBJC_MSGSEND = YES;
				ENABLE_TESTABILITY = YES;
				GCC_C_LANGUAGE_STANDARD = gnu11;
				GCC_DYNAMIC_NO_PIC = NO;
				GCC_NO_COMMON_BLOCKS = YES;
				GCC_OPTIMIZATION_LEVEL = 0;
				GCC_PREPROCESSOR_DEFINITIONS = (
					"DEBUG=1",
					"$(inherited)",
				);
				GCC_WARN_64_TO_32_BIT_CONVERSION = YES;
				GCC_WARN_ABOUT_RETURN_TYPE = YES_ERROR;
				GCC_WARN_UNDECLARED_SELECTOR = YES;
				GCC_WARN_UNINITIALIZED_AUTOS = YES_AGGRESSIVE;
				GCC_WARN_UNUSED_FUNCTION = YES;
				GCC_WARN_UNUSED_VARIABLE = YES;
				IPHONEOS_DEPLOYMENT_TARGET = 14.4;
				MTL_ENABLE_DEBUG_INFO = INCLUDE_SOURCE;
				MTL_FAST_MATH = YES;
				ONLY_ACTIVE_ARCH = YES;
				SDKROOT = iphoneos;
				SWIFT_ACTIVE_COMPILATION_CONDITIONS = DEBUG;
				SWIFT_OPTIMIZATION_LEVEL = "-Onone";
				VERSIONING_SYSTEM = "apple-generic";
				VERSION_INFO_PREFIX = "";
			};
			name = Debug;
		};
		98943A88265CC1CA00992DF4 /* Release */ = {
			isa = XCBuildConfiguration;
			buildSettings = {
				ALWAYS_SEARCH_USER_PATHS = NO;
				CLANG_ANALYZER_NONNULL = YES;
				CLANG_ANALYZER_NUMBER_OBJECT_CONVERSION = YES_AGGRESSIVE;
				CLANG_CXX_LANGUAGE_STANDARD = "gnu++14";
				CLANG_CXX_LIBRARY = "libc++";
				CLANG_ENABLE_MODULES = YES;
				CLANG_ENABLE_OBJC_ARC = YES;
				CLANG_ENABLE_OBJC_WEAK = YES;
				CLANG_WARN_BLOCK_CAPTURE_AUTORELEASING = YES;
				CLANG_WARN_BOOL_CONVERSION = YES;
				CLANG_WARN_COMMA = YES;
				CLANG_WARN_CONSTANT_CONVERSION = YES;
				CLANG_WARN_DEPRECATED_OBJC_IMPLEMENTATIONS = YES;
				CLANG_WARN_DIRECT_OBJC_ISA_USAGE = YES_ERROR;
				CLANG_WARN_DOCUMENTATION_COMMENTS = YES;
				CLANG_WARN_EMPTY_BODY = YES;
				CLANG_WARN_ENUM_CONVERSION = YES;
				CLANG_WARN_INFINITE_RECURSION = YES;
				CLANG_WARN_INT_CONVERSION = YES;
				CLANG_WARN_NON_LITERAL_NULL_CONVERSION = YES;
				CLANG_WARN_OBJC_IMPLICIT_RETAIN_SELF = YES;
				CLANG_WARN_OBJC_LITERAL_CONVERSION = YES;
				CLANG_WARN_OBJC_ROOT_CLASS = YES_ERROR;
				CLANG_WARN_QUOTED_INCLUDE_IN_FRAMEWORK_HEADER = YES;
				CLANG_WARN_RANGE_LOOP_ANALYSIS = YES;
				CLANG_WARN_STRICT_PROTOTYPES = YES;
				CLANG_WARN_SUSPICIOUS_MOVE = YES;
				CLANG_WARN_UNGUARDED_AVAILABILITY = YES_AGGRESSIVE;
				CLANG_WARN_UNREACHABLE_CODE = YES;
				CLANG_WARN__DUPLICATE_METHOD_MATCH = YES;
				COPY_PHASE_STRIP = NO;
				CURRENT_PROJECT_VERSION = 1;
				DEBUG_INFORMATION_FORMAT = "dwarf-with-dsym";
				ENABLE_NS_ASSERTIONS = NO;
				ENABLE_STRICT_OBJC_MSGSEND = YES;
				GCC_C_LANGUAGE_STANDARD = gnu11;
				GCC_NO_COMMON_BLOCKS = YES;
				GCC_WARN_64_TO_32_BIT_CONVERSION = YES;
				GCC_WARN_ABOUT_RETURN_TYPE = YES_ERROR;
				GCC_WARN_UNDECLARED_SELECTOR = YES;
				GCC_WARN_UNINITIALIZED_AUTOS = YES_AGGRESSIVE;
				GCC_WARN_UNUSED_FUNCTION = YES;
				GCC_WARN_UNUSED_VARIABLE = YES;
				IPHONEOS_DEPLOYMENT_TARGET = 14.4;
				MTL_ENABLE_DEBUG_INFO = NO;
				MTL_FAST_MATH = YES;
				SDKROOT = iphoneos;
				SWIFT_COMPILATION_MODE = wholemodule;
				SWIFT_OPTIMIZATION_LEVEL = "-O";
				VALIDATE_PRODUCT = YES;
				VERSIONING_SYSTEM = "apple-generic";
				VERSION_INFO_PREFIX = "";
			};
			name = Release;
		};
		98943A8A265CC1CA00992DF4 /* Debug */ = {
			isa = XCBuildConfiguration;
			buildSettings = {
				CLANG_ENABLE_MODULES = YES;
				CODE_SIGN_STYLE = Automatic;
				DEFINES_MODULE = YES;
				DEVELOPMENT_TEAM = 6BT2WQNHUS;
				DYLIB_COMPATIBILITY_VERSION = 1;
				DYLIB_CURRENT_VERSION = 1;
				DYLIB_INSTALL_NAME_BASE = "@rpath";
				INFOPLIST_FILE = EssentialFeed/Info.plist;
				INSTALL_PATH = "$(LOCAL_LIBRARY_DIR)/Frameworks";
				LD_RUNPATH_SEARCH_PATHS = (
					"$(inherited)",
					"@executable_path/Frameworks",
					"@loader_path/Frameworks",
				);
				PRODUCT_BUNDLE_IDENTIFIER = webandapp.EssentialFeed;
				PRODUCT_NAME = "$(TARGET_NAME:c99extidentifier)";
				SKIP_INSTALL = YES;
				SWIFT_OPTIMIZATION_LEVEL = "-Onone";
				SWIFT_VERSION = 5.0;
				TARGETED_DEVICE_FAMILY = "1,2";
			};
			name = Debug;
		};
		98943A8B265CC1CA00992DF4 /* Release */ = {
			isa = XCBuildConfiguration;
			buildSettings = {
				CLANG_ENABLE_MODULES = YES;
				CODE_SIGN_STYLE = Automatic;
				DEFINES_MODULE = YES;
				DEVELOPMENT_TEAM = 6BT2WQNHUS;
				DYLIB_COMPATIBILITY_VERSION = 1;
				DYLIB_CURRENT_VERSION = 1;
				DYLIB_INSTALL_NAME_BASE = "@rpath";
				INFOPLIST_FILE = EssentialFeed/Info.plist;
				INSTALL_PATH = "$(LOCAL_LIBRARY_DIR)/Frameworks";
				LD_RUNPATH_SEARCH_PATHS = (
					"$(inherited)",
					"@executable_path/Frameworks",
					"@loader_path/Frameworks",
				);
				PRODUCT_BUNDLE_IDENTIFIER = webandapp.EssentialFeed;
				PRODUCT_NAME = "$(TARGET_NAME:c99extidentifier)";
				SKIP_INSTALL = YES;
				SWIFT_VERSION = 5.0;
				TARGETED_DEVICE_FAMILY = "1,2";
			};
			name = Release;
		};
		98943A8D265CC1CA00992DF4 /* Debug */ = {
			isa = XCBuildConfiguration;
			buildSettings = {
				ALWAYS_EMBED_SWIFT_STANDARD_LIBRARIES = YES;
				CODE_SIGN_STYLE = Automatic;
				DEVELOPMENT_TEAM = 6BT2WQNHUS;
				INFOPLIST_FILE = EssentialFeedTests/Info.plist;
				LD_RUNPATH_SEARCH_PATHS = (
					"$(inherited)",
					"@executable_path/Frameworks",
					"@loader_path/Frameworks",
				);
				PRODUCT_BUNDLE_IDENTIFIER = webandapp.EssentialFeedTests;
				PRODUCT_NAME = "$(TARGET_NAME)";
				SWIFT_VERSION = 5.0;
				TARGETED_DEVICE_FAMILY = "1,2";
			};
			name = Debug;
		};
		98943A8E265CC1CA00992DF4 /* Release */ = {
			isa = XCBuildConfiguration;
			buildSettings = {
				ALWAYS_EMBED_SWIFT_STANDARD_LIBRARIES = YES;
				CODE_SIGN_STYLE = Automatic;
				DEVELOPMENT_TEAM = 6BT2WQNHUS;
				INFOPLIST_FILE = EssentialFeedTests/Info.plist;
				LD_RUNPATH_SEARCH_PATHS = (
					"$(inherited)",
					"@executable_path/Frameworks",
					"@loader_path/Frameworks",
				);
				PRODUCT_BUNDLE_IDENTIFIER = webandapp.EssentialFeedTests;
				PRODUCT_NAME = "$(TARGET_NAME)";
				SWIFT_VERSION = 5.0;
				TARGETED_DEVICE_FAMILY = "1,2";
			};
			name = Release;
		};
/* End XCBuildConfiguration section */

/* Begin XCConfigurationList section */
		98943A6F265CC1CA00992DF4 /* Build configuration list for PBXProject "EssentialFeed" */ = {
			isa = XCConfigurationList;
			buildConfigurations = (
				98943A87265CC1CA00992DF4 /* Debug */,
				98943A88265CC1CA00992DF4 /* Release */,
			);
			defaultConfigurationIsVisible = 0;
			defaultConfigurationName = Release;
		};
		98943A89265CC1CA00992DF4 /* Build configuration list for PBXNativeTarget "EssentialFeed" */ = {
			isa = XCConfigurationList;
			buildConfigurations = (
				98943A8A265CC1CA00992DF4 /* Debug */,
				98943A8B265CC1CA00992DF4 /* Release */,
			);
			defaultConfigurationIsVisible = 0;
			defaultConfigurationName = Release;
		};
		98943A8C265CC1CA00992DF4 /* Build configuration list for PBXNativeTarget "EssentialFeedTests" */ = {
			isa = XCConfigurationList;
			buildConfigurations = (
				98943A8D265CC1CA00992DF4 /* Debug */,
				98943A8E265CC1CA00992DF4 /* Release */,
			);
			defaultConfigurationIsVisible = 0;
			defaultConfigurationName = Release;
		};
/* End XCConfigurationList section */
	};
	rootObject = 98943A6C265CC1CA00992DF4 /* Project object */;
}
